
Microsoft Visual Studio Solution File, Format Version 12.00
# Visual Studio Version 17
VisualStudioVersion = 17.2.32616.157
MinimumVisualStudioVersion = 10.0.40219.1
Project("{FAE04EC0-301F-11D3-BF4B-00C04F79EFBC}") = "exercicio-split", "exercicio-split\exercicio-split.csproj", "{4891B508-EBA0-44E3-9666-8D5EB93EEDAC}"
EndProject
Global
	GlobalSection(SolutionConfigurationPlatforms) = preSolution
		Debug|Any CPU = Debug|Any CPU
		Release|Any CPU = Release|Any CPU
	EndGlobalSection
	GlobalSection(ProjectConfigurationPlatforms) = postSolution
		{4891B508-EBA0-44E3-9666-8D5EB93EEDAC}.Debug|Any CPU.ActiveCfg = Debug|Any CPU
		{4891B508-EBA0-44E3-9666-8D5EB93EEDAC}.Debug|Any CPU.Build.0 = Debug|Any CPU
		{4891B508-EBA0-44E3-9666-8D5EB93EEDAC}.Release|Any CPU.ActiveCfg = Release|Any CPU
		{4891B508-EBA0-44E3-9666-8D5EB93EEDAC}.Release|Any CPU.Build.0 = Release|Any CPU
	EndGlobalSection
	GlobalSection(SolutionProperties) = preSolution
		HideSolutionNode = FALSE
	EndGlobalSection
	GlobalSection(ExtensibilityGlobals) = postSolution
		SolutionGuid = {50810072-1691-49B9-93EF-AE9F35634D8F}
	EndGlobalSection
EndGlobal
